
Microsoft Visual Studio Solution File, Format Version 12.00
# Visual Studio 15
VisualStudioVersion = 15.0.27130.2020
MinimumVisualStudioVersion = 10.0.40219.1
Project("{FAE04EC0-301F-11D3-BF4B-00C04F79EFBC}") = "File Duplicate Finder", "File Duplicate Finder\File Duplicate Finder.csproj", "{F8ECED31-975E-4779-8612-60E7722CBF56}"
EndProject
Project("{930C7802-8A8C-48F9-8165-68863BCCD9DD}") = "File Duplicate Finder Installer", "File Duplicate Finder Installer\File Duplicate Finder Installer.wixproj", "{C8477420-FE84-42E0-B64E-3F64EB08627A}"
EndProject
Global
	GlobalSection(SolutionConfigurationPlatforms) = preSolution
		Debug|x64 = Debug|x64
		Debug|x86 = Debug|x86
		Release|x64 = Release|x64
		Release|x86 = Release|x86
	EndGlobalSection
	GlobalSection(ProjectConfigurationPlatforms) = postSolution
		{F8ECED31-975E-4779-8612-60E7722CBF56}.Debug|x64.ActiveCfg = Debug|x64
		{F8ECED31-975E-4779-8612-60E7722CBF56}.Debug|x64.Build.0 = Debug|x64
		{F8ECED31-975E-4779-8612-60E7722CBF56}.Debug|x86.ActiveCfg = Debug|x86
		{F8ECED31-975E-4779-8612-60E7722CBF56}.Debug|x86.Build.0 = Debug|x86
		{F8ECED31-975E-4779-8612-60E7722CBF56}.Release|x64.ActiveCfg = Release|x64
		{F8ECED31-975E-4779-8612-60E7722CBF56}.Release|x64.Build.0 = Release|x64
		{F8ECED31-975E-4779-8612-60E7722CBF56}.Release|x86.ActiveCfg = Release|x86
		{F8ECED31-975E-4779-8612-60E7722CBF56}.Release|x86.Build.0 = Release|x86
		{C8477420-FE84-42E0-B64E-3F64EB08627A}.Debug|x64.ActiveCfg = Debug|x86
		{C8477420-FE84-42E0-B64E-3F64EB08627A}.Debug|x86.ActiveCfg = Debug|x86
		{C8477420-FE84-42E0-B64E-3F64EB08627A}.Debug|x86.Build.0 = Debug|x86
		{C8477420-FE84-42E0-B64E-3F64EB08627A}.Release|x64.ActiveCfg = Release|x64
		{C8477420-FE84-42E0-B64E-3F64EB08627A}.Release|x86.ActiveCfg = Release|x86
		{C8477420-FE84-42E0-B64E-3F64EB08627A}.Release|x86.Build.0 = Release|x86
	EndGlobalSection
	GlobalSection(SolutionProperties) = preSolution
		HideSolutionNode = FALSE
	EndGlobalSection
	GlobalSection(ExtensibilityGlobals) = postSolution
		SolutionGuid = {6A781F03-A0C7-4244-B9B6-5093AFBF391C}
	EndGlobalSection
EndGlobal
