
Microsoft Visual Studio Solution File, Format Version 12.00
# Visual Studio 15
VisualStudioVersion = 15.0.27130.2027
MinimumVisualStudioVersion = 10.0.40219.1
Project("{FAE04EC0-301F-11D3-BF4B-00C04F79EFBC}") = "File Duplicate Finder", "File Duplicate Finder\File Duplicate Finder.csproj", "{F8ECED31-975E-4779-8612-60E7722CBF56}"
EndProject
Global
	GlobalSection(SolutionConfigurationPlatforms) = preSolution
		Debug|Any CPU = Debug|Any CPU
		Release|Any CPU = Release|Any CPU
	EndGlobalSection
	GlobalSection(ProjectConfigurationPlatforms) = postSolution
		{F8ECED31-975E-4779-8612-60E7722CBF56}.Debug|Any CPU.ActiveCfg = Debug|Any CPU
		{F8ECED31-975E-4779-8612-60E7722CBF56}.Debug|Any CPU.Build.0 = Debug|Any CPU
		{F8ECED31-975E-4779-8612-60E7722CBF56}.Release|Any CPU.ActiveCfg = Release|Any CPU
		{F8ECED31-975E-4779-8612-60E7722CBF56}.Release|Any CPU.Build.0 = Release|Any CPU
	EndGlobalSection
	GlobalSection(SolutionProperties) = preSolution
		HideSolutionNode = FALSE
	EndGlobalSection
	GlobalSection(ExtensibilityGlobals) = postSolution
		SolutionGuid = {6A781F03-A0C7-4244-B9B6-5093AFBF391C}
	EndGlobalSection
EndGlobal
